
Microsoft Visual Studio Solution File, Format Version 12.00
# Visual Studio Version 16
VisualStudioVersion = 16.0.30803.129
MinimumVisualStudioVersion = 10.0.40219.1
Project("{8BC9CEB8-8B4A-11D0-8D11-00A0C91BC942}") = "TFTP.Win", "TFTP.Win\TFTP.Win.vcxproj", "{22615527-73DB-408C-95F3-ABB05BE90E14}"
EndProject
Project("{9A19103F-16F7-4668-BE54-9A1E7A4F7556}") = "TFTP.WinFormApp", "TFTP.WinFormApp\TFTP.WinFormApp.csproj", "{B84AC660-CE0C-4718-B0CB-38246668C48B}"
EndProject
Global
	GlobalSection(SolutionConfigurationPlatforms) = preSolution
		Debug|Any CPU = Debug|Any CPU
		Debug|x64 = Debug|x64
		Debug|x86 = Debug|x86
		Release|Any CPU = Release|Any CPU
		Release|x64 = Release|x64
		Release|x86 = Release|x86
	EndGlobalSection
	GlobalSection(ProjectConfigurationPlatforms) = postSolution
		{22615527-73DB-408C-95F3-ABB05BE90E14}.Debug|Any CPU.ActiveCfg = Debug|Win32
		{22615527-73DB-408C-95F3-ABB05BE90E14}.Debug|x64.ActiveCfg = Debug|x64
		{22615527-73DB-408C-95F3-ABB05BE90E14}.Debug|x64.Build.0 = Debug|x64
		{22615527-73DB-408C-95F3-ABB05BE90E14}.Debug|x86.ActiveCfg = Debug|Win32
		{22615527-73DB-408C-95F3-ABB05BE90E14}.Debug|x86.Build.0 = Debug|Win32
		{22615527-73DB-408C-95F3-ABB05BE90E14}.Release|Any CPU.ActiveCfg = Release|Win32
		{22615527-73DB-408C-95F3-ABB05BE90E14}.Release|x64.ActiveCfg = Release|x64
		{22615527-73DB-408C-95F3-ABB05BE90E14}.Release|x64.Build.0 = Release|x64
		{22615527-73DB-408C-95F3-ABB05BE90E14}.Release|x86.ActiveCfg = Release|Win32
		{22615527-73DB-408C-95F3-ABB05BE90E14}.Release|x86.Build.0 = Release|Win32
		{B84AC660-CE0C-4718-B0CB-38246668C48B}.Debug|Any CPU.ActiveCfg = Debug|Any CPU
		{B84AC660-CE0C-4718-B0CB-38246668C48B}.Debug|Any CPU.Build.0 = Debug|Any CPU
		{B84AC660-CE0C-4718-B0CB-38246668C48B}.Debug|x64.ActiveCfg = Debug|Any CPU
		{B84AC660-CE0C-4718-B0CB-38246668C48B}.Debug|x64.Build.0 = Debug|Any CPU
		{B84AC660-CE0C-4718-B0CB-38246668C48B}.Debug|x86.ActiveCfg = Debug|Any CPU
		{B84AC660-CE0C-4718-B0CB-38246668C48B}.Debug|x86.Build.0 = Debug|Any CPU
		{B84AC660-CE0C-4718-B0CB-38246668C48B}.Release|Any CPU.ActiveCfg = Release|Any CPU
		{B84AC660-CE0C-4718-B0CB-38246668C48B}.Release|Any CPU.Build.0 = Release|Any CPU
		{B84AC660-CE0C-4718-B0CB-38246668C48B}.Release|x64.ActiveCfg = Release|Any CPU
		{B84AC660-CE0C-4718-B0CB-38246668C48B}.Release|x64.Build.0 = Release|Any CPU
		{B84AC660-CE0C-4718-B0CB-38246668C48B}.Release|x86.ActiveCfg = Release|Any CPU
		{B84AC660-CE0C-4718-B0CB-38246668C48B}.Release|x86.Build.0 = Release|Any CPU
	EndGlobalSection
	GlobalSection(SolutionProperties) = preSolution
		HideSolutionNode = FALSE
	EndGlobalSection
	GlobalSection(ExtensibilityGlobals) = postSolution
		SolutionGuid = {5AFCDEB1-BCE8-4A18-8A0F-895277A7875C}
	EndGlobalSection
EndGlobal
